
Microsoft Visual Studio Solution File, Format Version 12.00
# Visual Studio 14
VisualStudioVersion = 14.0.25420.1
MinimumVisualStudioVersion = 10.0.40219.1
Project("{8BC9CEB8-8B4A-11D0-8D11-00A0C91BC942}") = "constref", "constref\constref.vcxproj", "{2F470877-F0A9-4FA8-AC22-2A6C338AD571}"
EndProject
Project("{8BC9CEB8-8B4A-11D0-8D11-00A0C91BC942}") = "newdelete", "newdelete\newdelete.vcxproj", "{613FE168-12FC-4102-8736-88EB189D0718}"
EndProject
Project("{8BC9CEB8-8B4A-11D0-8D11-00A0C91BC942}") = "settinglimits", "settinglimits\settinglimits.vcxproj", "{3C1736BE-96A3-411B-8587-2AAF98065275}"
EndProject
Global
	GlobalSection(SolutionConfigurationPlatforms) = preSolution
		Debug|x64 = Debug|x64
		Debug|x86 = Debug|x86
		Release|x64 = Release|x64
		Release|x86 = Release|x86
	EndGlobalSection
	GlobalSection(ProjectConfigurationPlatforms) = postSolution
		{2F470877-F0A9-4FA8-AC22-2A6C338AD571}.Debug|x64.ActiveCfg = Debug|x64
		{2F470877-F0A9-4FA8-AC22-2A6C338AD571}.Debug|x64.Build.0 = Debug|x64
		{2F470877-F0A9-4FA8-AC22-2A6C338AD571}.Debug|x86.ActiveCfg = Debug|Win32
		{2F470877-F0A9-4FA8-AC22-2A6C338AD571}.Debug|x86.Build.0 = Debug|Win32
		{2F470877-F0A9-4FA8-AC22-2A6C338AD571}.Release|x64.ActiveCfg = Release|x64
		{2F470877-F0A9-4FA8-AC22-2A6C338AD571}.Release|x64.Build.0 = Release|x64
		{2F470877-F0A9-4FA8-AC22-2A6C338AD571}.Release|x86.ActiveCfg = Release|Win32
		{2F470877-F0A9-4FA8-AC22-2A6C338AD571}.Release|x86.Build.0 = Release|Win32
		{613FE168-12FC-4102-8736-88EB189D0718}.Debug|x64.ActiveCfg = Debug|x64
		{613FE168-12FC-4102-8736-88EB189D0718}.Debug|x64.Build.0 = Debug|x64
		{613FE168-12FC-4102-8736-88EB189D0718}.Debug|x86.ActiveCfg = Debug|Win32
		{613FE168-12FC-4102-8736-88EB189D0718}.Debug|x86.Build.0 = Debug|Win32
		{613FE168-12FC-4102-8736-88EB189D0718}.Release|x64.ActiveCfg = Release|x64
		{613FE168-12FC-4102-8736-88EB189D0718}.Release|x64.Build.0 = Release|x64
		{613FE168-12FC-4102-8736-88EB189D0718}.Release|x86.ActiveCfg = Release|Win32
		{613FE168-12FC-4102-8736-88EB189D0718}.Release|x86.Build.0 = Release|Win32
		{3C1736BE-96A3-411B-8587-2AAF98065275}.Debug|x64.ActiveCfg = Debug|x64
		{3C1736BE-96A3-411B-8587-2AAF98065275}.Debug|x64.Build.0 = Debug|x64
		{3C1736BE-96A3-411B-8587-2AAF98065275}.Debug|x86.ActiveCfg = Debug|Win32
		{3C1736BE-96A3-411B-8587-2AAF98065275}.Debug|x86.Build.0 = Debug|Win32
		{3C1736BE-96A3-411B-8587-2AAF98065275}.Release|x64.ActiveCfg = Release|x64
		{3C1736BE-96A3-411B-8587-2AAF98065275}.Release|x64.Build.0 = Release|x64
		{3C1736BE-96A3-411B-8587-2AAF98065275}.Release|x86.ActiveCfg = Release|Win32
		{3C1736BE-96A3-411B-8587-2AAF98065275}.Release|x86.Build.0 = Release|Win32
	EndGlobalSection
	GlobalSection(SolutionProperties) = preSolution
		HideSolutionNode = FALSE
	EndGlobalSection
EndGlobal
