
Microsoft Visual Studio Solution File, Format Version 12.00
# Visual Studio 14
VisualStudioVersion = 14.0.25420.1
MinimumVisualStudioVersion = 10.0.40219.1
Project("{8BC9CEB8-8B4A-11D0-8D11-00A0C91BC942}") = "constref", "constref\constref.vcxproj", "{2F470877-F0A9-4FA8-AC22-2A6C338AD571}"
EndProject
Project("{8BC9CEB8-8B4A-11D0-8D11-00A0C91BC942}") = "newdelete", "newdelete\newdelete.vcxproj", "{613FE168-12FC-4102-8736-88EB189D0718}"
EndProject
Project("{8BC9CEB8-8B4A-11D0-8D11-00A0C91BC942}") = "settinglimits", "settinglimits\settinglimits.vcxproj", "{3C1736BE-96A3-411B-8587-2AAF98065275}"
EndProject
Project("{8BC9CEB8-8B4A-11D0-8D11-00A0C91BC942}") = "friend", "friend\friend.vcxproj", "{FAEF5832-8B1A-4E80-8585-7F41AF65EE02}"
EndProject
Project("{8BC9CEB8-8B4A-11D0-8D11-00A0C91BC942}") = "Initialization", "Initialization\Initialization.vcxproj", "{D80A4D8A-3328-4F2C-AF27-546246D7EDED}"
EndProject
Project("{8BC9CEB8-8B4A-11D0-8D11-00A0C91BC942}") = "Inherit", "Inherit\Inherit.vcxproj", "{979DD4FF-C6BA-45A3-B55C-8D85484ACB4F}"
EndProject
Project("{8BC9CEB8-8B4A-11D0-8D11-00A0C91BC942}") = "Upcasting", "Upcasting\Upcasting.vcxproj", "{E8968298-13D9-4B03-87AF-9F7F96BA3338}"
EndProject
Project("{8BC9CEB8-8B4A-11D0-8D11-00A0C91BC942}") = "Polymorphism", "Polymorphism\Polymorphism.vcxproj", "{CCC7F1E9-0E39-4801-BC26-1E7FC05AB13F}"
EndProject
Project("{8BC9CEB8-8B4A-11D0-8D11-00A0C91BC942}") = "Polymorphism2", "Polymorphism2\Polymorphism2.vcxproj", "{D7ACAF41-794A-4E45-8A5C-7B3C2BA7651A}"
EndProject
Project("{8BC9CEB8-8B4A-11D0-8D11-00A0C91BC942}") = "Reference", "Reference\Reference.vcxproj", "{ED57B223-BD6B-4109-81C0-379D832C17F0}"
EndProject
Project("{8BC9CEB8-8B4A-11D0-8D11-00A0C91BC942}") = "copyconstructor", "copyconstructor\copyconstructor.vcxproj", "{0599AEC4-8BBB-481F-BD11-B9F6CBFD999A}"
EndProject
Project("{8BC9CEB8-8B4A-11D0-8D11-00A0C91BC942}") = "namehiding", "namehiding\namehiding.vcxproj", "{3F54639C-95EC-490D-82A7-0DF615DEF8D2}"
EndProject
Project("{8BC9CEB8-8B4A-11D0-8D11-00A0C91BC942}") = "staticmember", "staticmember\staticmember.vcxproj", "{A62F514D-53AF-4C93-A813-EE1C0E844AA6}"
EndProject
Project("{8BC9CEB8-8B4A-11D0-8D11-00A0C91BC942}") = "operatoroverload", "operatoroverload\operatoroverload.vcxproj", "{2AEC698E-1788-4D8A-9B01-C31DEC67BD66}"
EndProject
Global
	GlobalSection(SolutionConfigurationPlatforms) = preSolution
		Debug|x64 = Debug|x64
		Debug|x86 = Debug|x86
		Release|x64 = Release|x64
		Release|x86 = Release|x86
	EndGlobalSection
	GlobalSection(ProjectConfigurationPlatforms) = postSolution
		{2F470877-F0A9-4FA8-AC22-2A6C338AD571}.Debug|x64.ActiveCfg = Debug|x64
		{2F470877-F0A9-4FA8-AC22-2A6C338AD571}.Debug|x64.Build.0 = Debug|x64
		{2F470877-F0A9-4FA8-AC22-2A6C338AD571}.Debug|x86.ActiveCfg = Debug|Win32
		{2F470877-F0A9-4FA8-AC22-2A6C338AD571}.Debug|x86.Build.0 = Debug|Win32
		{2F470877-F0A9-4FA8-AC22-2A6C338AD571}.Release|x64.ActiveCfg = Release|x64
		{2F470877-F0A9-4FA8-AC22-2A6C338AD571}.Release|x64.Build.0 = Release|x64
		{2F470877-F0A9-4FA8-AC22-2A6C338AD571}.Release|x86.ActiveCfg = Release|Win32
		{2F470877-F0A9-4FA8-AC22-2A6C338AD571}.Release|x86.Build.0 = Release|Win32
		{613FE168-12FC-4102-8736-88EB189D0718}.Debug|x64.ActiveCfg = Debug|x64
		{613FE168-12FC-4102-8736-88EB189D0718}.Debug|x64.Build.0 = Debug|x64
		{613FE168-12FC-4102-8736-88EB189D0718}.Debug|x86.ActiveCfg = Debug|Win32
		{613FE168-12FC-4102-8736-88EB189D0718}.Debug|x86.Build.0 = Debug|Win32
		{613FE168-12FC-4102-8736-88EB189D0718}.Release|x64.ActiveCfg = Release|x64
		{613FE168-12FC-4102-8736-88EB189D0718}.Release|x64.Build.0 = Release|x64
		{613FE168-12FC-4102-8736-88EB189D0718}.Release|x86.ActiveCfg = Release|Win32
		{613FE168-12FC-4102-8736-88EB189D0718}.Release|x86.Build.0 = Release|Win32
		{3C1736BE-96A3-411B-8587-2AAF98065275}.Debug|x64.ActiveCfg = Debug|x64
		{3C1736BE-96A3-411B-8587-2AAF98065275}.Debug|x64.Build.0 = Debug|x64
		{3C1736BE-96A3-411B-8587-2AAF98065275}.Debug|x86.ActiveCfg = Debug|Win32
		{3C1736BE-96A3-411B-8587-2AAF98065275}.Debug|x86.Build.0 = Debug|Win32
		{3C1736BE-96A3-411B-8587-2AAF98065275}.Release|x64.ActiveCfg = Release|x64
		{3C1736BE-96A3-411B-8587-2AAF98065275}.Release|x64.Build.0 = Release|x64
		{3C1736BE-96A3-411B-8587-2AAF98065275}.Release|x86.ActiveCfg = Release|Win32
		{3C1736BE-96A3-411B-8587-2AAF98065275}.Release|x86.Build.0 = Release|Win32
		{FAEF5832-8B1A-4E80-8585-7F41AF65EE02}.Debug|x64.ActiveCfg = Debug|x64
		{FAEF5832-8B1A-4E80-8585-7F41AF65EE02}.Debug|x64.Build.0 = Debug|x64
		{FAEF5832-8B1A-4E80-8585-7F41AF65EE02}.Debug|x86.ActiveCfg = Debug|Win32
		{FAEF5832-8B1A-4E80-8585-7F41AF65EE02}.Debug|x86.Build.0 = Debug|Win32
		{FAEF5832-8B1A-4E80-8585-7F41AF65EE02}.Release|x64.ActiveCfg = Release|x64
		{FAEF5832-8B1A-4E80-8585-7F41AF65EE02}.Release|x64.Build.0 = Release|x64
		{FAEF5832-8B1A-4E80-8585-7F41AF65EE02}.Release|x86.ActiveCfg = Release|Win32
		{FAEF5832-8B1A-4E80-8585-7F41AF65EE02}.Release|x86.Build.0 = Release|Win32
		{D80A4D8A-3328-4F2C-AF27-546246D7EDED}.Debug|x64.ActiveCfg = Debug|x64
		{D80A4D8A-3328-4F2C-AF27-546246D7EDED}.Debug|x64.Build.0 = Debug|x64
		{D80A4D8A-3328-4F2C-AF27-546246D7EDED}.Debug|x86.ActiveCfg = Debug|Win32
		{D80A4D8A-3328-4F2C-AF27-546246D7EDED}.Debug|x86.Build.0 = Debug|Win32
		{D80A4D8A-3328-4F2C-AF27-546246D7EDED}.Release|x64.ActiveCfg = Release|x64
		{D80A4D8A-3328-4F2C-AF27-546246D7EDED}.Release|x64.Build.0 = Release|x64
		{D80A4D8A-3328-4F2C-AF27-546246D7EDED}.Release|x86.ActiveCfg = Release|Win32
		{D80A4D8A-3328-4F2C-AF27-546246D7EDED}.Release|x86.Build.0 = Release|Win32
		{979DD4FF-C6BA-45A3-B55C-8D85484ACB4F}.Debug|x64.ActiveCfg = Debug|x64
		{979DD4FF-C6BA-45A3-B55C-8D85484ACB4F}.Debug|x64.Build.0 = Debug|x64
		{979DD4FF-C6BA-45A3-B55C-8D85484ACB4F}.Debug|x86.ActiveCfg = Debug|Win32
		{979DD4FF-C6BA-45A3-B55C-8D85484ACB4F}.Debug|x86.Build.0 = Debug|Win32
		{979DD4FF-C6BA-45A3-B55C-8D85484ACB4F}.Release|x64.ActiveCfg = Release|x64
		{979DD4FF-C6BA-45A3-B55C-8D85484ACB4F}.Release|x64.Build.0 = Release|x64
		{979DD4FF-C6BA-45A3-B55C-8D85484ACB4F}.Release|x86.ActiveCfg = Release|Win32
		{979DD4FF-C6BA-45A3-B55C-8D85484ACB4F}.Release|x86.Build.0 = Release|Win32
		{E8968298-13D9-4B03-87AF-9F7F96BA3338}.Debug|x64.ActiveCfg = Debug|x64
		{E8968298-13D9-4B03-87AF-9F7F96BA3338}.Debug|x64.Build.0 = Debug|x64
		{E8968298-13D9-4B03-87AF-9F7F96BA3338}.Debug|x86.ActiveCfg = Debug|Win32
		{E8968298-13D9-4B03-87AF-9F7F96BA3338}.Debug|x86.Build.0 = Debug|Win32
		{E8968298-13D9-4B03-87AF-9F7F96BA3338}.Release|x64.ActiveCfg = Release|x64
		{E8968298-13D9-4B03-87AF-9F7F96BA3338}.Release|x64.Build.0 = Release|x64
		{E8968298-13D9-4B03-87AF-9F7F96BA3338}.Release|x86.ActiveCfg = Release|Win32
		{E8968298-13D9-4B03-87AF-9F7F96BA3338}.Release|x86.Build.0 = Release|Win32
		{CCC7F1E9-0E39-4801-BC26-1E7FC05AB13F}.Debug|x64.ActiveCfg = Debug|x64
		{CCC7F1E9-0E39-4801-BC26-1E7FC05AB13F}.Debug|x64.Build.0 = Debug|x64
		{CCC7F1E9-0E39-4801-BC26-1E7FC05AB13F}.Debug|x86.ActiveCfg = Debug|Win32
		{CCC7F1E9-0E39-4801-BC26-1E7FC05AB13F}.Debug|x86.Build.0 = Debug|Win32
		{CCC7F1E9-0E39-4801-BC26-1E7FC05AB13F}.Release|x64.ActiveCfg = Release|x64
		{CCC7F1E9-0E39-4801-BC26-1E7FC05AB13F}.Release|x64.Build.0 = Release|x64
		{CCC7F1E9-0E39-4801-BC26-1E7FC05AB13F}.Release|x86.ActiveCfg = Release|Win32
		{CCC7F1E9-0E39-4801-BC26-1E7FC05AB13F}.Release|x86.Build.0 = Release|Win32
		{D7ACAF41-794A-4E45-8A5C-7B3C2BA7651A}.Debug|x64.ActiveCfg = Debug|x64
		{D7ACAF41-794A-4E45-8A5C-7B3C2BA7651A}.Debug|x64.Build.0 = Debug|x64
		{D7ACAF41-794A-4E45-8A5C-7B3C2BA7651A}.Debug|x86.ActiveCfg = Debug|Win32
		{D7ACAF41-794A-4E45-8A5C-7B3C2BA7651A}.Debug|x86.Build.0 = Debug|Win32
		{D7ACAF41-794A-4E45-8A5C-7B3C2BA7651A}.Release|x64.ActiveCfg = Release|x64
		{D7ACAF41-794A-4E45-8A5C-7B3C2BA7651A}.Release|x64.Build.0 = Release|x64
		{D7ACAF41-794A-4E45-8A5C-7B3C2BA7651A}.Release|x86.ActiveCfg = Release|Win32
		{D7ACAF41-794A-4E45-8A5C-7B3C2BA7651A}.Release|x86.Build.0 = Release|Win32
		{ED57B223-BD6B-4109-81C0-379D832C17F0}.Debug|x64.ActiveCfg = Debug|x64
		{ED57B223-BD6B-4109-81C0-379D832C17F0}.Debug|x64.Build.0 = Debug|x64
		{ED57B223-BD6B-4109-81C0-379D832C17F0}.Debug|x86.ActiveCfg = Debug|Win32
		{ED57B223-BD6B-4109-81C0-379D832C17F0}.Debug|x86.Build.0 = Debug|Win32
		{ED57B223-BD6B-4109-81C0-379D832C17F0}.Release|x64.ActiveCfg = Release|x64
		{ED57B223-BD6B-4109-81C0-379D832C17F0}.Release|x64.Build.0 = Release|x64
		{ED57B223-BD6B-4109-81C0-379D832C17F0}.Release|x86.ActiveCfg = Release|Win32
		{ED57B223-BD6B-4109-81C0-379D832C17F0}.Release|x86.Build.0 = Release|Win32
		{0599AEC4-8BBB-481F-BD11-B9F6CBFD999A}.Debug|x64.ActiveCfg = Debug|x64
		{0599AEC4-8BBB-481F-BD11-B9F6CBFD999A}.Debug|x64.Build.0 = Debug|x64
		{0599AEC4-8BBB-481F-BD11-B9F6CBFD999A}.Debug|x86.ActiveCfg = Debug|Win32
		{0599AEC4-8BBB-481F-BD11-B9F6CBFD999A}.Debug|x86.Build.0 = Debug|Win32
		{0599AEC4-8BBB-481F-BD11-B9F6CBFD999A}.Release|x64.ActiveCfg = Release|x64
		{0599AEC4-8BBB-481F-BD11-B9F6CBFD999A}.Release|x64.Build.0 = Release|x64
		{0599AEC4-8BBB-481F-BD11-B9F6CBFD999A}.Release|x86.ActiveCfg = Release|Win32
		{0599AEC4-8BBB-481F-BD11-B9F6CBFD999A}.Release|x86.Build.0 = Release|Win32
		{3F54639C-95EC-490D-82A7-0DF615DEF8D2}.Debug|x64.ActiveCfg = Debug|x64
		{3F54639C-95EC-490D-82A7-0DF615DEF8D2}.Debug|x64.Build.0 = Debug|x64
		{3F54639C-95EC-490D-82A7-0DF615DEF8D2}.Debug|x86.ActiveCfg = Debug|Win32
		{3F54639C-95EC-490D-82A7-0DF615DEF8D2}.Debug|x86.Build.0 = Debug|Win32
		{3F54639C-95EC-490D-82A7-0DF615DEF8D2}.Release|x64.ActiveCfg = Release|x64
		{3F54639C-95EC-490D-82A7-0DF615DEF8D2}.Release|x64.Build.0 = Release|x64
		{3F54639C-95EC-490D-82A7-0DF615DEF8D2}.Release|x86.ActiveCfg = Release|Win32
		{3F54639C-95EC-490D-82A7-0DF615DEF8D2}.Release|x86.Build.0 = Release|Win32
		{A62F514D-53AF-4C93-A813-EE1C0E844AA6}.Debug|x64.ActiveCfg = Debug|x64
		{A62F514D-53AF-4C93-A813-EE1C0E844AA6}.Debug|x64.Build.0 = Debug|x64
		{A62F514D-53AF-4C93-A813-EE1C0E844AA6}.Debug|x86.ActiveCfg = Debug|Win32
		{A62F514D-53AF-4C93-A813-EE1C0E844AA6}.Debug|x86.Build.0 = Debug|Win32
		{A62F514D-53AF-4C93-A813-EE1C0E844AA6}.Release|x64.ActiveCfg = Release|x64
		{A62F514D-53AF-4C93-A813-EE1C0E844AA6}.Release|x64.Build.0 = Release|x64
		{A62F514D-53AF-4C93-A813-EE1C0E844AA6}.Release|x86.ActiveCfg = Release|Win32
		{A62F514D-53AF-4C93-A813-EE1C0E844AA6}.Release|x86.Build.0 = Release|Win32
		{2AEC698E-1788-4D8A-9B01-C31DEC67BD66}.Debug|x64.ActiveCfg = Debug|x64
		{2AEC698E-1788-4D8A-9B01-C31DEC67BD66}.Debug|x64.Build.0 = Debug|x64
		{2AEC698E-1788-4D8A-9B01-C31DEC67BD66}.Debug|x86.ActiveCfg = Debug|Win32
		{2AEC698E-1788-4D8A-9B01-C31DEC67BD66}.Debug|x86.Build.0 = Debug|Win32
		{2AEC698E-1788-4D8A-9B01-C31DEC67BD66}.Release|x64.ActiveCfg = Release|x64
		{2AEC698E-1788-4D8A-9B01-C31DEC67BD66}.Release|x64.Build.0 = Release|x64
		{2AEC698E-1788-4D8A-9B01-C31DEC67BD66}.Release|x86.ActiveCfg = Release|Win32
		{2AEC698E-1788-4D8A-9B01-C31DEC67BD66}.Release|x86.Build.0 = Release|Win32
	EndGlobalSection
	GlobalSection(SolutionProperties) = preSolution
		HideSolutionNode = FALSE
	EndGlobalSection
EndGlobal
